
Microsoft Visual Studio Solution File, Format Version 12.00
# Visual Studio Version 16
VisualStudioVersion = 16.0.28803.352
MinimumVisualStudioVersion = 10.0.40219.1
Project("{FAE04EC0-301F-11D3-BF4B-00C04F79EFBC}") = "WebCamCapture", "WebCamCapture\WebCamCapture.csproj", "{878EDF34-C2BF-407A-A61B-B56A8D7D023D}"
EndProject
Global
	GlobalSection(SolutionConfigurationPlatforms) = preSolution
		Debug|Any CPU = Debug|Any CPU
		Release|Any CPU = Release|Any CPU
	EndGlobalSection
	GlobalSection(ProjectConfigurationPlatforms) = postSolution
		{878EDF34-C2BF-407A-A61B-B56A8D7D023D}.Debug|Any CPU.ActiveCfg = Debug|Any CPU
		{878EDF34-C2BF-407A-A61B-B56A8D7D023D}.Debug|Any CPU.Build.0 = Debug|Any CPU
		{878EDF34-C2BF-407A-A61B-B56A8D7D023D}.Release|Any CPU.ActiveCfg = Release|Any CPU
		{878EDF34-C2BF-407A-A61B-B56A8D7D023D}.Release|Any CPU.Build.0 = Release|Any CPU
	EndGlobalSection
	GlobalSection(SolutionProperties) = preSolution
		HideSolutionNode = FALSE
	EndGlobalSection
	GlobalSection(ExtensibilityGlobals) = postSolution
		SolutionGuid = {AA7DE37A-F75F-4908-9C02-BAC0E1460710}
	EndGlobalSection
EndGlobal
